
Microsoft Visual Studio Solution File, Format Version 12.00
# Visual Studio Version 17
VisualStudioVersion = 17.13.35818.85 d17.13
MinimumVisualStudioVersion = 10.0.40219.1
Project("{FAE04EC0-301F-11D3-BF4B-00C04F79EFBC}") = "DataTables", "DataTables\DataTables.csproj", "{96794FE2-9269-47BE-B724-F1439F465907}"
EndProject
Global
	GlobalSection(SolutionConfigurationPlatforms) = preSolution
		Debug|Any CPU = Debug|Any CPU
		Release|Any CPU = Release|Any CPU
	EndGlobalSection
	GlobalSection(ProjectConfigurationPlatforms) = postSolution
		{96794FE2-9269-47BE-B724-F1439F465907}.Debug|Any CPU.ActiveCfg = Debug|Any CPU
		{96794FE2-9269-47BE-B724-F1439F465907}.Debug|Any CPU.Build.0 = Debug|Any CPU
		{96794FE2-9269-47BE-B724-F1439F465907}.Release|Any CPU.ActiveCfg = Release|Any CPU
		{96794FE2-9269-47BE-B724-F1439F465907}.Release|Any CPU.Build.0 = Release|Any CPU
	EndGlobalSection
	GlobalSection(SolutionProperties) = preSolution
		HideSolutionNode = FALSE
	EndGlobalSection
	GlobalSection(ExtensibilityGlobals) = postSolution
		SolutionGuid = {51830892-DB73-4C72-92DD-E69C773E2784}
	EndGlobalSection
EndGlobal
